// !$*UTF8*$!
{
	archiveVersion = 1;
	classes = {
	};
	objectVersion = 46;
	objects = {

/* Begin PBXBuildFile section */
		6062373C193FAE2300AB7F2C /* AppDelegate.swift in Sources */ = {isa = PBXBuildFile; fileRef = 6062373B193FAE2300AB7F2C /* AppDelegate.swift */; };
		6062373E193FAE2300AB7F2C /* Images.xcassets in Resources */ = {isa = PBXBuildFile; fileRef = 6062373D193FAE2300AB7F2C /* Images.xcassets */; };
		6062374A193FAE2300AB7F2C /* SwiftTest2Tests.swift in Sources */ = {isa = PBXBuildFile; fileRef = 60623749193FAE2300AB7F2C /* SwiftTest2Tests.swift */; };
		60623755193FAE4200AB7F2C /* SwiftTableViewController.swift in Sources */ = {isa = PBXBuildFile; fileRef = 60623753193FAE4200AB7F2C /* SwiftTableViewController.swift */; };
		60623756193FAE4200AB7F2C /* SwiftTableViewController.xib in Resources */ = {isa = PBXBuildFile; fileRef = 60623754193FAE4200AB7F2C /* SwiftTableViewController.xib */; };
		60623759193FB2E500AB7F2C /* SwiftDetailViewController.swift in Sources */ = {isa = PBXBuildFile; fileRef = 60623757193FB2E500AB7F2C /* SwiftDetailViewController.swift */; };
		6062375A193FB2E500AB7F2C /* SwiftDetailViewController.xib in Resources */ = {isa = PBXBuildFile; fileRef = 60623758193FB2E500AB7F2C /* SwiftDetailViewController.xib */; };
/* End PBXBuildFile section */

/* Begin PBXContainerItemProxy section */
		60623744193FAE2300AB7F2C /* PBXContainerItemProxy */ = {
			isa = PBXContainerItemProxy;
			containerPortal = 6062372E193FAE2300AB7F2C /* Project object */;
			proxyType = 1;
			remoteGlobalIDString = 60623735193FAE2300AB7F2C;
			remoteInfo = SwiftTest2;
		};
/* End PBXContainerItemProxy section */

/* Begin PBXFileReference section */
		60623736193FAE2300AB7F2C /* SwiftTest2.app */ = {isa = PBXFileReference; explicitFileType = wrapper.application; includeInIndex = 0; path = SwiftTest2.app; sourceTree = BUILT_PRODUCTS_DIR; };
		6062373A193FAE2300AB7F2C /* Info.plist */ = {isa = PBXFileReference; lastKnownFileType = text.plist.xml; path = Info.plist; sourceTree = "<group>"; };
		6062373B193FAE2300AB7F2C /* AppDelegate.swift */ = {isa = PBXFileReference; lastKnownFileType = sourcecode.swift; path = AppDelegate.swift; sourceTree = "<group>"; };
		6062373D193FAE2300AB7F2C /* Images.xcassets */ = {isa = PBXFileReference; lastKnownFileType = folder.assetcatalog; path = Images.xcassets; sourceTree = "<group>"; };
		60623743193FAE2300AB7F2C /* SwiftTest2Tests.xctest */ = {isa = PBXFileReference; explicitFileType = wrapper.cfbundle; includeInIndex = 0; path = SwiftTest2Tests.xctest; sourceTree = BUILT_PRODUCTS_DIR; };
		60623748193FAE2300AB7F2C /* Info.plist */ = {isa = PBXFileReference; lastKnownFileType = text.plist.xml; path = Info.plist; sourceTree = "<group>"; };
		60623749193FAE2300AB7F2C /* SwiftTest2Tests.swift */ = {isa = PBXFileReference; lastKnownFileType = sourcecode.swift; path = SwiftTest2Tests.swift; sourceTree = "<group>"; };
		60623753193FAE4200AB7F2C /* SwiftTableViewController.swift */ = {isa = PBXFileReference; fileEncoding = 4; lastKnownFileType = sourcecode.swift; path = SwiftTableViewController.swift; sourceTree = "<group>"; };
		60623754193FAE4200AB7F2C /* SwiftTableViewController.xib */ = {isa = PBXFileReference; fileEncoding = 4; lastKnownFileType = file.xib; path = SwiftTableViewController.xib; sourceTree = "<group>"; };
		60623757193FB2E500AB7F2C /* SwiftDetailViewController.swift */ = {isa = PBXFileReference; fileEncoding = 4; lastKnownFileType = sourcecode.swift; path = SwiftDetailViewController.swift; sourceTree = "<group>"; };
		60623758193FB2E500AB7F2C /* SwiftDetailViewController.xib */ = {isa = PBXFileReference; fileEncoding = 4; lastKnownFileType = file.xib; path = SwiftDetailViewController.xib; sourceTree = "<group>"; };
/* End PBXFileReference section */

/* Begin PBXFrameworksBuildPhase section */
		60623733193FAE2300AB7F2C /* Frameworks */ = {
			isa = PBXFrameworksBuildPhase;
			buildActionMask = 2147483647;
			files = (
			);
			runOnlyForDeploymentPostprocessing = 0;
		};
		60623740193FAE2300AB7F2C /* Frameworks */ = {
			isa = PBXFrameworksBuildPhase;
			buildActionMask = 2147483647;
			files = (
			);
			runOnlyForDeploymentPostprocessing = 0;
		};
/* End PBXFrameworksBuildPhase section */

/* Begin PBXGroup section */
		6062372D193FAE2300AB7F2C = {
			isa = PBXGroup;
			children = (
				60623738193FAE2300AB7F2C /* SwiftTest2 */,
				60623746193FAE2300AB7F2C /* SwiftTest2Tests */,
				60623737193FAE2300AB7F2C /* Products */,
			);
			sourceTree = "<group>";
		};
		60623737193FAE2300AB7F2C /* Products */ = {
			isa = PBXGroup;
			children = (
				60623736193FAE2300AB7F2C /* SwiftTest2.app */,
				60623743193FAE2300AB7F2C /* SwiftTest2Tests.xctest */,
			);
			name = Products;
			sourceTree = "<group>";
		};
		60623738193FAE2300AB7F2C /* SwiftTest2 */ = {
			isa = PBXGroup;
			children = (
				6062373B193FAE2300AB7F2C /* AppDelegate.swift */,
				60623757193FB2E500AB7F2C /* SwiftDetailViewController.swift */,
				60623758193FB2E500AB7F2C /* SwiftDetailViewController.xib */,
				60623753193FAE4200AB7F2C /* SwiftTableViewController.swift */,
				60623754193FAE4200AB7F2C /* SwiftTableViewController.xib */,
				6062373D193FAE2300AB7F2C /* Images.xcassets */,
				60623739193FAE2300AB7F2C /* Supporting Files */,
			);
			path = SwiftTest2;
			sourceTree = "<group>";
		};
		60623739193FAE2300AB7F2C /* Supporting Files */ = {
			isa = PBXGroup;
			children = (
				6062373A193FAE2300AB7F2C /* Info.plist */,
			);
			name = "Supporting Files";
			sourceTree = "<group>";
		};
		60623746193FAE2300AB7F2C /* SwiftTest2Tests */ = {
			isa = PBXGroup;
			children = (
				60623749193FAE2300AB7F2C /* SwiftTest2Tests.swift */,
				60623747193FAE2300AB7F2C /* Supporting Files */,
			);
			path = SwiftTest2Tests;
			sourceTree = "<group>";
		};
		60623747193FAE2300AB7F2C /* Supporting Files */ = {
			isa = PBXGroup;
			children = (
				60623748193FAE2300AB7F2C /* Info.plist */,
			);
			name = "Supporting Files";
			sourceTree = "<group>";
		};
/* End PBXGroup section */

/* Begin PBXNativeTarget section */
		60623735193FAE2300AB7F2C /* SwiftTest2 */ = {
			isa = PBXNativeTarget;
			buildConfigurationList = 6062374D193FAE2300AB7F2C /* Build configuration list for PBXNativeTarget "SwiftTest2" */;
			buildPhases = (
				60623732193FAE2300AB7F2C /* Sources */,
				60623733193FAE2300AB7F2C /* Frameworks */,
				60623734193FAE2300AB7F2C /* Resources */,
			);
			buildRules = (
			);
			dependencies = (
			);
			name = SwiftTest2;
			productName = SwiftTest2;
			productReference = 60623736193FAE2300AB7F2C /* SwiftTest2.app */;
			productType = "com.apple.product-type.application";
		};
		60623742193FAE2300AB7F2C /* SwiftTest2Tests */ = {
			isa = PBXNativeTarget;
			buildConfigurationList = 60623750193FAE2300AB7F2C /* Build configuration list for PBXNativeTarget "SwiftTest2Tests" */;
			buildPhases = (
				6062373F193FAE2300AB7F2C /* Sources */,
				60623740193FAE2300AB7F2C /* Frameworks */,
				60623741193FAE2300AB7F2C /* Resources */,
			);
			buildRules = (
			);
			dependencies = (
				60623745193FAE2300AB7F2C /* PBXTargetDependency */,
			);
			name = SwiftTest2Tests;
			productName = SwiftTest2Tests;
			productReference = 60623743193FAE2300AB7F2C /* SwiftTest2Tests.xctest */;
			productType = "com.apple.product-type.bundle.unit-test";
		};
/* End PBXNativeTarget section */

/* Begin PBXProject section */
		6062372E193FAE2300AB7F2C /* Project object */ = {
			isa = PBXProject;
			attributes = {
				LastUpgradeCheck = 0600;
				ORGANIZATIONNAME = "Zack McBride";
				TargetAttributes = {
					60623735193FAE2300AB7F2C = {
						CreatedOnToolsVersion = 6.0;
					};
					60623742193FAE2300AB7F2C = {
						CreatedOnToolsVersion = 6.0;
						TestTargetID = 60623735193FAE2300AB7F2C;
					};
				};
			};
			buildConfigurationList = 60623731193FAE2300AB7F2C /* Build configuration list for PBXProject "SwiftTest2" */;
			compatibilityVersion = "Xcode 3.2";
			developmentRegion = English;
			hasScannedForEncodings = 0;
			knownRegions = (
				en,
			);
			mainGroup = 6062372D193FAE2300AB7F2C;
			productRefGroup = 60623737193FAE2300AB7F2C /* Products */;
			projectDirPath = "";
			projectRoot = "";
			targets = (
				60623735193FAE2300AB7F2C /* SwiftTest2 */,
				60623742193FAE2300AB7F2C /* SwiftTest2Tests */,
			);
		};
/* End PBXProject section */

/* Begin PBXResourcesBuildPhase section */
		60623734193FAE2300AB7F2C /* Resources */ = {
			isa = PBXResourcesBuildPhase;
			buildActionMask = 2147483647;
			files = (
				6062373E193FAE2300AB7F2C /* Images.xcassets in Resources */,
				6062375A193FB2E500AB7F2C /* SwiftDetailViewController.xib in Resources */,
				60623756193FAE4200AB7F2C /* SwiftTableViewController.xib in Resources */,
			);
			runOnlyForDeploymentPostprocessing = 0;
		};
		60623741193FAE2300AB7F2C /* Resources */ = {
			isa = PBXResourcesBuildPhase;
			buildActionMask = 2147483647;
			files = (
			);
			runOnlyForDeploymentPostprocessing = 0;
		};
/* End PBXResourcesBuildPhase section */

/* Begin PBXSourcesBuildPhase section */
		60623732193FAE2300AB7F2C /* Sources */ = {
			isa = PBXSourcesBuildPhase;
			buildActionMask = 2147483647;
			files = (
				6062373C193FAE2300AB7F2C /* AppDelegate.swift in Sources */,
				60623755193FAE4200AB7F2C /* SwiftTableViewController.swift in Sources */,
				60623759193FB2E500AB7F2C /* SwiftDetailViewController.swift in Sources */,
			);
			runOnlyForDeploymentPostprocessing = 0;
		};
		6062373F193FAE2300AB7F2C /* Sources */ = {
			isa = PBXSourcesBuildPhase;
			buildActionMask = 2147483647;
			files = (
				6062374A193FAE2300AB7F2C /* SwiftTest2Tests.swift in Sources */,
			);
			runOnlyForDeploymentPostprocessing = 0;
		};
/* End PBXSourcesBuildPhase section */

/* Begin PBXTargetDependency section */
		60623745193FAE2300AB7F2C /* PBXTargetDependency */ = {
			isa = PBXTargetDependency;
			target = 60623735193FAE2300AB7F2C /* SwiftTest2 */;
			targetProxy = 60623744193FAE2300AB7F2C /* PBXContainerItemProxy */;
		};
/* End PBXTargetDependency section */

/* Begin XCBuildConfiguration section */
		6062374B193FAE2300AB7F2C /* Debug */ = {
			isa = XCBuildConfiguration;
			buildSettings = {
				ALWAYS_SEARCH_USER_PATHS = NO;
				CLANG_CXX_LANGUAGE_STANDARD = "gnu++0x";
				CLANG_CXX_LIBRARY = "libc++";
				CLANG_ENABLE_MODULES = YES;
				CLANG_ENABLE_OBJC_ARC = YES;
				CLANG_WARN_BOOL_CONVERSION = YES;
				CLANG_WARN_CONSTANT_CONVERSION = YES;
				CLANG_WARN_DIRECT_OBJC_ISA_USAGE = YES_ERROR;
				CLANG_WARN_EMPTY_BODY = YES;
				CLANG_WARN_ENUM_CONVERSION = YES;
				CLANG_WARN_INT_CONVERSION = YES;
				CLANG_WARN_OBJC_ROOT_CLASS = YES_ERROR;
				CLANG_WARN_UNREACHABLE_CODE = YES;
				CLANG_WARN__DUPLICATE_METHOD_MATCH = YES;
				"CODE_SIGN_IDENTITY[sdk=iphoneos*]" = "iPhone Developer";
				COPY_PHASE_STRIP = NO;
				ENABLE_STRICT_OBJC_MSGSEND = YES;
				GCC_C_LANGUAGE_STANDARD = gnu99;
				GCC_DYNAMIC_NO_PIC = NO;
				GCC_OPTIMIZATION_LEVEL = 0;
				GCC_PREPROCESSOR_DEFINITIONS = (
					"DEBUG=1",
					"$(inherited)",
				);
				GCC_SYMBOLS_PRIVATE_EXTERN = NO;
				GCC_WARN_64_TO_32_BIT_CONVERSION = YES;
				GCC_WARN_ABOUT_RETURN_TYPE = YES_ERROR;
				GCC_WARN_UNDECLARED_SELECTOR = YES;
				GCC_WARN_UNINITIALIZED_AUTOS = YES_AGGRESSIVE;
				GCC_WARN_UNUSED_FUNCTION = YES;
				GCC_WARN_UNUSED_VARIABLE = YES;
				IPHONEOS_DEPLOYMENT_TARGET = 8.0;
				METAL_ENABLE_DEBUG_INFO = YES;
				ONLY_ACTIVE_ARCH = YES;
				SDKROOT = iphoneos;
				SWIFT_OPTIMIZATION_LEVEL = "-Onone";
			};
			name = Debug;
		};
		6062374C193FAE2300AB7F2C /* Release */ = {
			isa = XCBuildConfiguration;
			buildSettings = {
				ALWAYS_SEARCH_USER_PATHS = NO;
				CLANG_CXX_LANGUAGE_STANDARD = "gnu++0x";
				CLANG_CXX_LIBRARY = "libc++";
				CLANG_ENABLE_MODULES = YES;
				CLANG_ENABLE_OBJC_ARC = YES;
				CLANG_WARN_BOOL_CONVERSION = YES;
				CLANG_WARN_CONSTANT_CONVERSION = YES;
				CLANG_WARN_DIRECT_OBJC_ISA_USAGE = YES_ERROR;
				CLANG_WARN_EMPTY_BODY = YES;
				CLANG_WARN_ENUM_CONVERSION = YES;
				CLANG_WARN_INT_CONVERSION = YES;
				CLANG_WARN_OBJC_ROOT_CLASS = YES_ERROR;
				CLANG_WARN_UNREACHABLE_CODE = YES;
				CLANG_WARN__DUPLICATE_METHOD_MATCH = YES;
				"CODE_SIGN_IDENTITY[sdk=iphoneos*]" = "iPhone Developer";
				COPY_PHASE_STRIP = YES;
				ENABLE_NS_ASSERTIONS = NO;
				ENABLE_STRICT_OBJC_MSGSEND = YES;
				GCC_C_LANGUAGE_STANDARD = gnu99;
				GCC_WARN_64_TO_32_BIT_CONVERSION = YES;
				GCC_WARN_ABOUT_RETURN_TYPE = YES_ERROR;
				GCC_WARN_UNDECLARED_SELECTOR = YES;
				GCC_WARN_UNINITIALIZED_AUTOS = YES_AGGRESSIVE;
				GCC_WARN_UNUSED_FUNCTION = YES;
				GCC_WARN_UNUSED_VARIABLE = YES;
				IPHONEOS_DEPLOYMENT_TARGET = 8.0;
				METAL_ENABLE_DEBUG_INFO = NO;
				SDKROOT = iphoneos;
				VALIDATE_PRODUCT = YES;
			};
			name = Release;
		};
		6062374E193FAE2300AB7F2C /* Debug */ = {
			isa = XCBuildConfiguration;
			buildSettings = {
				ASSETCATALOG_COMPILER_APPICON_NAME = AppIcon;
				ASSETCATALOG_COMPILER_LAUNCHIMAGE_NAME = LaunchImage;
				INFOPLIST_FILE = SwiftTest2/Info.plist;
				LD_RUNPATH_SEARCH_PATHS = "$(inherited) @executable_path/Frameworks";
				PRODUCT_NAME = "$(TARGET_NAME)";
			};
			name = Debug;
		};
		6062374F193FAE2300AB7F2C /* Release */ = {
			isa = XCBuildConfiguration;
			buildSettings = {
				ASSETCATALOG_COMPILER_APPICON_NAME = AppIcon;
				ASSETCATALOG_COMPILER_LAUNCHIMAGE_NAME = LaunchImage;
				INFOPLIST_FILE = SwiftTest2/Info.plist;
				LD_RUNPATH_SEARCH_PATHS = "$(inherited) @executable_path/Frameworks";
				PRODUCT_NAME = "$(TARGET_NAME)";
			};
			name = Release;
		};
		60623751193FAE2300AB7F2C /* Debug */ = {
			isa = XCBuildConfiguration;
			buildSettings = {
				BUNDLE_LOADER = "$(BUILT_PRODUCTS_DIR)/SwiftTest2.app/SwiftTest2";
				FRAMEWORK_SEARCH_PATHS = (
					"$(SDKROOT)/Developer/Library/Frameworks",
					"$(inherited)",
				);
				GCC_PREPROCESSOR_DEFINITIONS = (
					"DEBUG=1",
					"$(inherited)",
				);
				INFOPLIST_FILE = SwiftTest2Tests/Info.plist;
				LD_RUNPATH_SEARCH_PATHS = "$(inherited) @executable_path/Frameworks @loader_path/Frameworks";
				METAL_ENABLE_DEBUG_INFO = YES;
				PRODUCT_NAME = "$(TARGET_NAME)";
				TEST_HOST = "$(BUNDLE_LOADER)";
			};
			name = Debug;
		};
		60623752193FAE2300AB7F2C /* Release */ = {
			isa = XCBuildConfiguration;
			buildSettings = {
				BUNDLE_LOADER = "$(BUILT_PRODUCTS_DIR)/SwiftTest2.app/SwiftTest2";
				FRAMEWORK_SEARCH_PATHS = (
					"$(SDKROOT)/Developer/Library/Frameworks",
					"$(inherited)",
				);
				INFOPLIST_FILE = SwiftTest2Tests/Info.plist;
				LD_RUNPATH_SEARCH_PATHS = "$(inherited) @executable_path/Frameworks @loader_path/Frameworks";
				METAL_ENABLE_DEBUG_INFO = NO;
				PRODUCT_NAME = "$(TARGET_NAME)";
				TEST_HOST = "$(BUNDLE_LOADER)";
			};
			name = Release;
		};
/* End XCBuildConfiguration section */

/* Begin XCConfigurationList section */
		60623731193FAE2300AB7F2C /* Build configuration list for PBXProject "SwiftTest2" */ = {
			isa = XCConfigurationList;
			buildConfigurations = (
				6062374B193FAE2300AB7F2C /* Debug */,
				6062374C193FAE2300AB7F2C /* Release */,
			);
			defaultConfigurationIsVisible = 0;
			defaultConfigurationName = Release;
		};
		6062374D193FAE2300AB7F2C /* Build configuration list for PBXNativeTarget "SwiftTest2" */ = {
			isa = XCConfigurationList;
			buildConfigurations = (
				6062374E193FAE2300AB7F2C /* Debug */,
				6062374F193FAE2300AB7F2C /* Release */,
			);
			defaultConfigurationIsVisible = 0;
		};
		60623750193FAE2300AB7F2C /* Build configuration list for PBXNativeTarget "SwiftTest2Tests" */ = {
			isa = XCConfigurationList;
			buildConfigurations = (
				60623751193FAE2300AB7F2C /* Debug */,
				60623752193FAE2300AB7F2C /* Release */,
			);
			defaultConfigurationIsVisible = 0;
		};
/* End XCConfigurationList section */
	};
	rootObject = 6062372E193FAE2300AB7F2C /* Project object */;
}
